{
  "requires": true,
  "lockfileVersion": 1,
  "dependencies": {
    "@popperjs/core": {
      "version": "2.6.0",
      "resolved": "https://registry.npmjs.org/@popperjs/core/-/core-2.6.0.tgz",
      "integrity": "sha512-cPqjjzuFWNK3BSKLm0abspP0sp/IGOli4p5I5fKFAzdS8fvjdOwDCfZqAaIiXd9lPkOWi3SUUfZof3hEb7J/uw=="
    },
    "body-scroll-lock": {
      "version": "3.1.5",
      "resolved": "https://registry.npmjs.org/body-scroll-lock/-/body-scroll-lock-3.1.5.tgz",
      "integrity": "sha512-Yi1Xaml0EvNA0OYWxXiYNqY24AfWkbA6w5vxE7GWxtKfzIbZM+Qw+aSmkgsbWzbHiy/RCSkUZBplVxTA+E4jJg=="
    },
    "js-tokens": {
      "version": "4.0.0",
      "resolved": "https://registry.npmjs.org/js-tokens/-/js-tokens-4.0.0.tgz",
      "integrity": "sha512-RdJUflcE3cUzKiMqQgsCu06FPu9UdIJO0beYbPhHN4k6apgJtifcoCtT9bcxOpYBtpD2kCM6Sbzg4CausW/PKQ=="
    },
    "loose-envify": {
      "version": "1.4.0",
      "resolved": "https://registry.npmjs.org/loose-envify/-/loose-envify-1.4.0.tgz",
      "integrity": "sha512-lyuxPGr/Wfhrlem2CL/UcnUc1zcqKAImBDzukY7Y5F/yQiNdko6+fRLevlw1HgMySw7f611UIY408EtxRSoK3Q==",
      "requires": {
        "js-tokens": "^3.0.0 || ^4.0.0"
      }
    },
    "object-assign": {
      "version": "4.1.1",
      "resolved": "https://registry.npmjs.org/object-assign/-/object-assign-4.1.1.tgz",
      "integrity": "sha1-IQmtx5ZYh8/AXLvUQsrIv7s2CGM="
    },
    "react": {
      "version": "17.0.1",
      "resolved": "https://registry.npmjs.org/react/-/react-17.0.1.tgz",
      "integrity": "sha512-lG9c9UuMHdcAexXtigOZLX8exLWkW0Ku29qPRU8uhF2R9BN96dLCt0psvzPLlHc5OWkgymP3qwTRgbnw5BKx3w==",
      "requires": {
        "loose-envify": "^1.1.0",
        "object-assign": "^4.1.1"
      }
    },
    "react-dom": {
      "version": "17.0.1",
      "resolved": "https://registry.npmjs.org/react-dom/-/react-dom-17.0.1.tgz",
      "integrity": "sha512-6eV150oJZ9U2t9svnsspTMrWNyHc6chX0KzDeAOXftRa8bNeOKTTfCJ7KorIwenkHd2xqVTBTCZd79yk/lx/Ug==",
      "requires": {
        "loose-envify": "^1.1.0",
        "object-assign": "^4.1.1",
        "scheduler": "^0.20.1"
      }
    },
    "reakit": {
      "version": "1.3.2",
      "resolved": "https://registry.npmjs.org/reakit/-/reakit-1.3.2.tgz",
      "integrity": "sha512-QsN5bpLw7trknvEMsiZUV3WYmZxpQ0TyoWxmDlxX3Oq89TH9WAd4jKC4uyTGsYKp40syuTfadp0lu5UkHvOZkw==",
      "requires": {
        "@popperjs/core": "^2.5.4",
        "body-scroll-lock": "^3.1.5",
        "reakit-system": "^0.15.1",
        "reakit-utils": "^0.15.1",
        "reakit-warning": "^0.6.1"
      }
    },
    "reakit-system": {
      "version": "0.15.1",
      "resolved": "https://registry.npmjs.org/reakit-system/-/reakit-system-0.15.1.tgz",
      "integrity": "sha512-PkqfAyEohtcEu/gUvKriCv42NywDtUgvocEN3147BI45dOFAB89nrT7wRIbIcKJiUT598F+JlPXAZZVLWhc1Kg==",
      "requires": {
        "reakit-utils": "^0.15.1"
      }
    },
    "reakit-theme-default": {
      "version": "0.2.0",
      "resolved": "https://registry.npmjs.org/reakit-theme-default/-/reakit-theme-default-0.2.0.tgz",
      "integrity": "sha512-62Iv+rxc0PHqcMlt6CtptOAgjButcjF9sDqGqnUpAIBHogDU79H4+hsebhssNa+FHDYRPZo/3z/DhiuiwTNLig==",
      "requires": {
        "styled-tools": "^1.7.1"
      }
    },
    "reakit-utils": {
      "version": "0.15.1",
      "resolved": "https://registry.npmjs.org/reakit-utils/-/reakit-utils-0.15.1.tgz",
      "integrity": "sha512-6cZgKGvOkAMQgkwU9jdYbHfkuIN1Pr+vwcB19plLvcTfVN0Or10JhIuj9X+JaPZyI7ydqTDFaKNdUcDP69o/+Q=="
    },
    "reakit-warning": {
      "version": "0.6.1",
      "resolved": "https://registry.npmjs.org/reakit-warning/-/reakit-warning-0.6.1.tgz",
      "integrity": "sha512-poFUV0EyxB+CcV9uTNBAFmcgsnR2DzAbOTkld4Ul+QOKSeEHZB3b3+MoZQgcYHmbvG19Na1uWaM7ES+/Eyr8tQ==",
      "requires": {
        "reakit-utils": "^0.15.1"
      }
    },
    "scheduler": {
      "version": "0.20.1",
      "resolved": "https://registry.npmjs.org/scheduler/-/scheduler-0.20.1.tgz",
      "integrity": "sha512-LKTe+2xNJBNxu/QhHvDR14wUXHRQbVY5ZOYpOGWRzhydZUqrLb2JBvLPY7cAqFmqrWuDED0Mjk7013SZiOz6Bw==",
      "requires": {
        "loose-envify": "^1.1.0",
        "object-assign": "^4.1.1"
      }
    },
    "styled-tools": {
      "version": "1.7.2",
      "resolved": "https://registry.npmjs.org/styled-tools/-/styled-tools-1.7.2.tgz",
      "integrity": "sha512-IjLxzM20RMwAsx8M1QoRlCG/Kmq8lKzCGyospjtSXt/BTIIcvgTonaxQAsKnBrsZNwhpHzO9ADx5te0h76ILVg=="
    }
  }
}
